
Microsoft Visual Studio Solution File, Format Version 12.00
# Visual Studio Version 17
VisualStudioVersion = 17.3.32825.248
MinimumVisualStudioVersion = 10.0.40219.1
Project("{FAE04EC0-301F-11D3-BF4B-00C04F79EFBC}") = "SydneyWeb_API", "SydneyWeb_API.csproj", "{06E9E26A-7462-4507-9F47-787735D0B1EF}"
EndProject
Global
	GlobalSection(SolutionConfigurationPlatforms) = preSolution
		Debug|Any CPU = Debug|Any CPU
		Release|Any CPU = Release|Any CPU
	EndGlobalSection
	GlobalSection(ProjectConfigurationPlatforms) = postSolution
		{06E9E26A-7462-4507-9F47-787735D0B1EF}.Debug|Any CPU.ActiveCfg = Debug|Any CPU
		{06E9E26A-7462-4507-9F47-787735D0B1EF}.Debug|Any CPU.Build.0 = Debug|Any CPU
		{06E9E26A-7462-4507-9F47-787735D0B1EF}.Release|Any CPU.ActiveCfg = Release|Any CPU
		{06E9E26A-7462-4507-9F47-787735D0B1EF}.Release|Any CPU.Build.0 = Release|Any CPU
	EndGlobalSection
	GlobalSection(SolutionProperties) = preSolution
		HideSolutionNode = FALSE
	EndGlobalSection
	GlobalSection(ExtensibilityGlobals) = postSolution
		SolutionGuid = {C27D0177-3D06-4FD4-B595-ECC7E660F3BE}
	EndGlobalSection
EndGlobal
